
Microsoft Visual Studio Solution File, Format Version 12.00
# Visual Studio Version 17
VisualStudioVersion = 17.9.34607.119
MinimumVisualStudioVersion = 10.0.40219.1
Project("{FAE04EC0-301F-11D3-BF4B-00C04F79EFBC}") = "MudblazorCRUD", "MudblazorCRUD\MudblazorCRUD\MudblazorCRUD.csproj", "{A032973B-BB02-41EE-8543-6A75A356F39B}"
EndProject
Project("{FAE04EC0-301F-11D3-BF4B-00C04F79EFBC}") = "MudblazorCRUD.Client", "MudblazorCRUD\MudblazorCRUD.Client\MudblazorCRUD.Client.csproj", "{43A089D3-7788-4E57-A8C1-C889B5DA341F}"
EndProject
Global
	GlobalSection(SolutionConfigurationPlatforms) = preSolution
		Debug|Any CPU = Debug|Any CPU
		Release|Any CPU = Release|Any CPU
	EndGlobalSection
	GlobalSection(ProjectConfigurationPlatforms) = postSolution
		{A032973B-BB02-41EE-8543-6A75A356F39B}.Debug|Any CPU.ActiveCfg = Debug|Any CPU
		{A032973B-BB02-41EE-8543-6A75A356F39B}.Debug|Any CPU.Build.0 = Debug|Any CPU
		{A032973B-BB02-41EE-8543-6A75A356F39B}.Release|Any CPU.ActiveCfg = Release|Any CPU
		{A032973B-BB02-41EE-8543-6A75A356F39B}.Release|Any CPU.Build.0 = Release|Any CPU
		{43A089D3-7788-4E57-A8C1-C889B5DA341F}.Debug|Any CPU.ActiveCfg = Debug|Any CPU
		{43A089D3-7788-4E57-A8C1-C889B5DA341F}.Debug|Any CPU.Build.0 = Debug|Any CPU
		{43A089D3-7788-4E57-A8C1-C889B5DA341F}.Release|Any CPU.ActiveCfg = Release|Any CPU
		{43A089D3-7788-4E57-A8C1-C889B5DA341F}.Release|Any CPU.Build.0 = Release|Any CPU
	EndGlobalSection
	GlobalSection(SolutionProperties) = preSolution
		HideSolutionNode = FALSE
	EndGlobalSection
	GlobalSection(ExtensibilityGlobals) = postSolution
		SolutionGuid = {ACF3B55F-8726-44A0-85E2-E210EA6DD732}
	EndGlobalSection
EndGlobal
